version = 1
revision = 3
requires-python = "==3.10.*"

[[package]]
name = "cowapp"
version = "0.1.0"
source = { virtual = "." }
dependencies = [
    { name = "cowsay" },
    { name = "numpy" },
]

[package.metadata]
requires-dist = [
    { name = "cowsay", specifier = ">=6.1,<7" },
    { name = "numpy", specifier = ">=2.0.1,<3" },
]

[[package]]
name = "cowsay"
version = "6.1"
source = { registry = "https://pypi.org/simple" }
wheels = [
    { url = "https://files.pythonhosted.org/packages/f1/13/63c0a02c44024ee16f664e0b36eefeb22d54e93531630bd99e237986f534/cowsay-6.1-py3-none-any.whl", hash = "sha256:274b1e6fc1b966d53976333eb90ac94cb07a450a700b455af9fbdf882244b30a", size = 25560, upload-time = "2023-09-25T16:30:01.619Z" },
]

[[package]]
name = "numpy"
version = "2.0.1"
source = { registry = "https://pypi.org/simple" }
sdist = { url = "https://files.pythonhosted.org/packages/1c/8a/0db635b225d2aa2984e405dc14bd2b0c324a0c312ea1bc9d283f2b83b038/numpy-2.0.1.tar.gz", hash = "sha256:485b87235796410c3519a699cfe1faab097e509e90ebb05dcd098db2ae87e7b3", size = 18872007, upload-time = "2024-07-21T13:49:20.698Z" }
wheels = [
    { url = "https://files.pythonhosted.org/packages/86/c0/025580db782c9be4c7de992e2cc4b2930c12ef8e0f26389c88089e2f8028/numpy-2.0.1-cp310-cp310-macosx_10_9_x86_64.whl", hash = "sha256:0fbb536eac80e27a2793ffd787895242b7f18ef792563d742c2d673bfcb75134", size = 21234466, upload-time = "2024-07-21T13:29:55.558Z" },
    { url = "https://files.pythonhosted.org/packages/d6/47/58ad880b4a6ae4ec01e212d68d298cc5425814496e8fce7b35575880984c/numpy-2.0.1-cp310-cp310-macosx_11_0_arm64.whl", hash = "sha256:69ff563d43c69b1baba77af455dd0a839df8d25e8590e79c90fcbe1499ebde42", size = 13369204, upload-time = "2024-07-21T13:30:17.724Z" },
    { url = "https://files.pythonhosted.org/packages/5f/f7/d9db3db9ff23af6ed1d948441a4805cfcb24119a3edbe1d5d8bcc89b2496/numpy-2.0.1-cp310-cp310-macosx_14_0_arm64.whl", hash = "sha256:1b902ce0e0a5bb7704556a217c4f63a7974f8f43e090aff03fcf262e0b135e02", size = 5300247, upload-time = "2024-07-21T13:30:27.515Z" },
    { url = "https://files.pythonhosted.org/packages/b5/ec/d8faaa60f6e39227b3c7286db9db1de48b6f51227d7e64223d22d2374e3e/numpy-2.0.1-cp310-cp310-macosx_14_0_x86_64.whl", hash = "sha256:f1659887361a7151f89e79b276ed8dff3d75877df906328f14d8bb40bb4f5101", size = 6899834, upload-time = "2024-07-21T13:30:39.051Z" },
    { url = "https://files.pythonhosted.org/packages/08/7a/71b12fe40147b1a6146ffd07afbe57d3c0ea98560032fae7c6d81c861b09/numpy-2.0.1-cp310-cp310-manylinux_2_17_aarch64.manylinux2014_aarch64.whl", hash = "sha256:4658c398d65d1b25e1760de3157011a80375da861709abd7cef3bad65d6543f9", size = 13907521, upload-time = "2024-07-21T13:31:00.436Z" },
    { url = "https://files.pythonhosted.org/packages/ac/9c/703d6775b99ae37c3d4fc32984953572fb20e23e61c0f4154f05e5758a30/numpy-2.0.1-cp310-cp310-manylinux_2_17_x86_64.manylinux2014_x86_64.whl", hash = "sha256:4127d4303b9ac9f94ca0441138acead39928938660ca58329fe156f84b9f3015", size = 19530562, upload-time = "2024-07-21T13:31:30.519Z" },
    { url = "https://files.pythonhosted.org/packages/be/53/4c639cc2e0331ec42b54368648f23330f9ff406c74f2f0ccca6702ba6b71/numpy-2.0.1-cp310-cp310-musllinux_1_1_x86_64.whl", hash = "sha256:e5eeca8067ad04bc8a2a8731183d51d7cbaac66d86085d5f4766ee6bf19c7f87", size = 19929256, upload-time = "2024-07-21T13:32:00.472Z" },
    { url = "https://files.pythonhosted.org/packages/91/ec/18a1b896e25f0bba8aa3c3b010e7aaf62387583db368b29a571519c2dd45/numpy-2.0.1-cp310-cp310-musllinux_1_2_aarch64.whl", hash = "sha256:9adbd9bb520c866e1bfd7e10e1880a1f7749f1f6e5017686a5fbb9b72cf69f82", size = 14413740, upload-time = "2024-07-21T13:32:22.682Z" },
    { url = "https://files.pythonhosted.org/packages/3c/f6/00efe4505061b100a907c55d60765b020be3b08accff37d1444d02ae108a/numpy-2.0.1-cp310-cp310-win32.whl", hash = "sha256:7b9853803278db3bdcc6cd5beca37815b133e9e77ff3d4733c247414e78eb8d1", size = 6469150, upload-time = "2024-07-21T13:32:34.268Z" },
    { url = "https://files.pythonhosted.org/packages/16/9f/1fcb7fdb6ec988052b42c7f4ed6d92d89c541d640f8f39f01bf141d17426/numpy-2.0.1-cp310-cp310-win_amd64.whl", hash = "sha256:81b0893a39bc5b865b8bf89e9ad7807e16717f19868e9d234bdaf9b1f1393868", size = 16554905, upload-time = "2024-07-21T13:32:58.871Z" },
]
